
Microsoft Visual Studio Solution File, Format Version 12.00
# Visual Studio Version 16
VisualStudioVersion = 16.0.31205.134
MinimumVisualStudioVersion = 10.0.40219.1
Project("{888888A0-9F3D-457C-B088-3A5042F75D52}") = "png2jpg", "png2jpg\png2jpg.pyproj", "{601E7DA6-BF2C-4964-88C9-41D152024D1C}"
EndProject
Global
	GlobalSection(SolutionConfigurationPlatforms) = preSolution
		Debug|Any CPU = Debug|Any CPU
		Release|Any CPU = Release|Any CPU
	EndGlobalSection
	GlobalSection(ProjectConfigurationPlatforms) = postSolution
		{601E7DA6-BF2C-4964-88C9-41D152024D1C}.Debug|Any CPU.ActiveCfg = Debug|Any CPU
		{601E7DA6-BF2C-4964-88C9-41D152024D1C}.Release|Any CPU.ActiveCfg = Release|Any CPU
	EndGlobalSection
	GlobalSection(SolutionProperties) = preSolution
		HideSolutionNode = FALSE
	EndGlobalSection
	GlobalSection(ExtensibilityGlobals) = postSolution
		SolutionGuid = {AC4BE253-719C-442A-A7E7-8C4C1205543D}
	EndGlobalSection
EndGlobal
